{
  "name": "myaac",
  "lockfileVersion": 2,
  "requires": true,
  "packages": {
    "": {
      "dependencies": {
        "tinymce": "^5.10.0"
      }
    },
    "node_modules/tinymce": {
      "version": "5.10.0",
      "resolved": "https://registry.npmjs.org/tinymce/-/tinymce-5.10.0.tgz",
      "integrity": "sha512-SaqBK8GtTKYSsTfhKdN0+NrZRgmVWO+j3fvgzLjt0t/g0osNzRH5os8icm2Rv5HvaeTd4TpxetUuLE+R9yg/yg=="
    }
  },
  "dependencies": {
    "tinymce": {
      "version": "5.10.0",
      "resolved": "https://registry.npmjs.org/tinymce/-/tinymce-5.10.0.tgz",
      "integrity": "sha512-SaqBK8GtTKYSsTfhKdN0+NrZRgmVWO+j3fvgzLjt0t/g0osNzRH5os8icm2Rv5HvaeTd4TpxetUuLE+R9yg/yg=="
    }
  }
}
